
Microsoft Visual Studio Solution File, Format Version 12.00
# Visual Studio Version 16
VisualStudioVersion = 16.0.30503.244
MinimumVisualStudioVersion = 10.0.40219.1
Project("{FAE04EC0-301F-11D3-BF4B-00C04F79EFBC}") = "Practica 2 - Recursividad", "Practica 2 - Recursividad\Practica 2 - Recursividad.csproj", "{17F1FB48-A110-4A5F-A390-CE368D054368}"
EndProject
Global
	GlobalSection(SolutionConfigurationPlatforms) = preSolution
		Debug|Any CPU = Debug|Any CPU
		Release|Any CPU = Release|Any CPU
	EndGlobalSection
	GlobalSection(ProjectConfigurationPlatforms) = postSolution
		{17F1FB48-A110-4A5F-A390-CE368D054368}.Debug|Any CPU.ActiveCfg = Debug|Any CPU
		{17F1FB48-A110-4A5F-A390-CE368D054368}.Debug|Any CPU.Build.0 = Debug|Any CPU
		{17F1FB48-A110-4A5F-A390-CE368D054368}.Release|Any CPU.ActiveCfg = Release|Any CPU
		{17F1FB48-A110-4A5F-A390-CE368D054368}.Release|Any CPU.Build.0 = Release|Any CPU
	EndGlobalSection
	GlobalSection(SolutionProperties) = preSolution
		HideSolutionNode = FALSE
	EndGlobalSection
	GlobalSection(ExtensibilityGlobals) = postSolution
		SolutionGuid = {0F290271-EC59-4C68-A22A-A0E39BD035E8}
	EndGlobalSection
EndGlobal
